
Microsoft Visual Studio Solution File, Format Version 12.00
# Visual Studio Version 17
VisualStudioVersion = 17.9.34723.18
MinimumVisualStudioVersion = 10.0.40219.1
Project("{9A19103F-16F7-4668-BE54-9A1E7A4F7556}") = "RskAnalysis.API", "RskAnalysis.API\RskAnalysis.API.csproj", "{8F50447F-CB8F-45F0-9684-5A96A55E15AA}"
EndProject
Project("{9A19103F-16F7-4668-BE54-9A1E7A4F7556}") = "RskAnalysis.CORE", "RskAnalysis.Core\RskAnalysis.CORE.csproj", "{9627480B-7151-4FD5-B1D2-D985AB22E14A}"
EndProject
Project("{9A19103F-16F7-4668-BE54-9A1E7A4F7556}") = "RskAnalysis.DATA", "RskAnalysis.DATA\RskAnalysis.DATA.csproj", "{30E7B010-86AD-46CA-99C8-337DD7B2843D}"
EndProject
Project("{9A19103F-16F7-4668-BE54-9A1E7A4F7556}") = "RskAnalysis.SERVICE", "RskAnalysis.SERVICE\RskAnalysis.SERVICE.csproj", "{F6034338-D9D2-4740-8C15-70BB72099F60}"
EndProject
Project("{9A19103F-16F7-4668-BE54-9A1E7A4F7556}") = "RskAnalysis.WEB", "RskAnalysis.WEB\RskAnalysis.WEB.csproj", "{A21FDB98-1D95-42FB-95C0-33F499F47F19}"
EndProject
Project("{FAE04EC0-301F-11D3-BF4B-00C04F79EFBC}") = "RskAnalysis.WEBB", "RskAnalysis.WEBB\RskAnalysis.WEBB.csproj", "{3CB6781A-D87B-40DE-AF69-B7A094973C09}"
EndProject
Global
	GlobalSection(SolutionConfigurationPlatforms) = preSolution
		Debug|Any CPU = Debug|Any CPU
		Release|Any CPU = Release|Any CPU
	EndGlobalSection
	GlobalSection(ProjectConfigurationPlatforms) = postSolution
		{8F50447F-CB8F-45F0-9684-5A96A55E15AA}.Debug|Any CPU.ActiveCfg = Debug|Any CPU
		{8F50447F-CB8F-45F0-9684-5A96A55E15AA}.Debug|Any CPU.Build.0 = Debug|Any CPU
		{8F50447F-CB8F-45F0-9684-5A96A55E15AA}.Release|Any CPU.ActiveCfg = Release|Any CPU
		{8F50447F-CB8F-45F0-9684-5A96A55E15AA}.Release|Any CPU.Build.0 = Release|Any CPU
		{9627480B-7151-4FD5-B1D2-D985AB22E14A}.Debug|Any CPU.ActiveCfg = Debug|Any CPU
		{9627480B-7151-4FD5-B1D2-D985AB22E14A}.Debug|Any CPU.Build.0 = Debug|Any CPU
		{9627480B-7151-4FD5-B1D2-D985AB22E14A}.Release|Any CPU.ActiveCfg = Release|Any CPU
		{9627480B-7151-4FD5-B1D2-D985AB22E14A}.Release|Any CPU.Build.0 = Release|Any CPU
		{30E7B010-86AD-46CA-99C8-337DD7B2843D}.Debug|Any CPU.ActiveCfg = Debug|Any CPU
		{30E7B010-86AD-46CA-99C8-337DD7B2843D}.Debug|Any CPU.Build.0 = Debug|Any CPU
		{30E7B010-86AD-46CA-99C8-337DD7B2843D}.Release|Any CPU.ActiveCfg = Release|Any CPU
		{30E7B010-86AD-46CA-99C8-337DD7B2843D}.Release|Any CPU.Build.0 = Release|Any CPU
		{F6034338-D9D2-4740-8C15-70BB72099F60}.Debug|Any CPU.ActiveCfg = Debug|Any CPU
		{F6034338-D9D2-4740-8C15-70BB72099F60}.Debug|Any CPU.Build.0 = Debug|Any CPU
		{F6034338-D9D2-4740-8C15-70BB72099F60}.Release|Any CPU.ActiveCfg = Release|Any CPU
		{F6034338-D9D2-4740-8C15-70BB72099F60}.Release|Any CPU.Build.0 = Release|Any CPU
		{A21FDB98-1D95-42FB-95C0-33F499F47F19}.Debug|Any CPU.ActiveCfg = Debug|Any CPU
		{A21FDB98-1D95-42FB-95C0-33F499F47F19}.Debug|Any CPU.Build.0 = Debug|Any CPU
		{A21FDB98-1D95-42FB-95C0-33F499F47F19}.Release|Any CPU.ActiveCfg = Release|Any CPU
		{A21FDB98-1D95-42FB-95C0-33F499F47F19}.Release|Any CPU.Build.0 = Release|Any CPU
		{3CB6781A-D87B-40DE-AF69-B7A094973C09}.Debug|Any CPU.ActiveCfg = Debug|Any CPU
		{3CB6781A-D87B-40DE-AF69-B7A094973C09}.Debug|Any CPU.Build.0 = Debug|Any CPU
		{3CB6781A-D87B-40DE-AF69-B7A094973C09}.Release|Any CPU.ActiveCfg = Release|Any CPU
		{3CB6781A-D87B-40DE-AF69-B7A094973C09}.Release|Any CPU.Build.0 = Release|Any CPU
	EndGlobalSection
	GlobalSection(SolutionProperties) = preSolution
		HideSolutionNode = FALSE
	EndGlobalSection
	GlobalSection(ExtensibilityGlobals) = postSolution
		SolutionGuid = {98ECCE6F-8D12-4AF0-AEF5-5D9B50917C3A}
	EndGlobalSection
EndGlobal
